
Microsoft Visual Studio Solution File, Format Version 12.00
# Visual Studio Version 17
VisualStudioVersion = 17.5.33627.172
MinimumVisualStudioVersion = 10.0.40219.1
Project("{FAE04EC0-301F-11D3-BF4B-00C04F79EFBC}") = "ClubMembershipApplication", "ClubMembershipApplication\ClubMembershipApplication.csproj", "{D0096E61-AB14-4176-AA4D-F90B046295B7}"
EndProject
Project("{FAE04EC0-301F-11D3-BF4B-00C04F79EFBC}") = "FieldValidatorAPI", "FieldValidatorAPI\FieldValidatorAPI.csproj", "{5D42D4CC-9A52-4F5F-AAA3-3F3E74A86FDA}"
EndProject
Global
	GlobalSection(SolutionConfigurationPlatforms) = preSolution
		Debug|Any CPU = Debug|Any CPU
		Release|Any CPU = Release|Any CPU
	EndGlobalSection
	GlobalSection(ProjectConfigurationPlatforms) = postSolution
		{D0096E61-AB14-4176-AA4D-F90B046295B7}.Debug|Any CPU.ActiveCfg = Debug|Any CPU
		{D0096E61-AB14-4176-AA4D-F90B046295B7}.Debug|Any CPU.Build.0 = Debug|Any CPU
		{D0096E61-AB14-4176-AA4D-F90B046295B7}.Release|Any CPU.ActiveCfg = Release|Any CPU
		{D0096E61-AB14-4176-AA4D-F90B046295B7}.Release|Any CPU.Build.0 = Release|Any CPU
		{5D42D4CC-9A52-4F5F-AAA3-3F3E74A86FDA}.Debug|Any CPU.ActiveCfg = Debug|Any CPU
		{5D42D4CC-9A52-4F5F-AAA3-3F3E74A86FDA}.Debug|Any CPU.Build.0 = Debug|Any CPU
		{5D42D4CC-9A52-4F5F-AAA3-3F3E74A86FDA}.Release|Any CPU.ActiveCfg = Release|Any CPU
		{5D42D4CC-9A52-4F5F-AAA3-3F3E74A86FDA}.Release|Any CPU.Build.0 = Release|Any CPU
	EndGlobalSection
	GlobalSection(SolutionProperties) = preSolution
		HideSolutionNode = FALSE
	EndGlobalSection
	GlobalSection(ExtensibilityGlobals) = postSolution
		SolutionGuid = {F87E6571-97CE-456D-96B1-5794B6C7FF87}
	EndGlobalSection
EndGlobal
